PODS:
  - CocoaAsyncSocket (7.5.0):
    - CocoaAsyncSocket/GCD (= 7.5.0)
  - CocoaAsyncSocket/GCD (7.5.0)
  - CocoaLumberjack (2.3.0):
    - CocoaLumberjack/Default (= 2.3.0)
    - CocoaLumberjack/Extensions (= 2.3.0)
  - CocoaLumberjack/Core (2.3.0)
  - CocoaLumberjack/Default (2.3.0):
    - CocoaLumberjack/Core
  - CocoaLumberjack/Extensions (2.3.0):
    - CocoaLumberjack/Default
  - CocoaLumberjack/Swift (2.3.0):
    - CocoaLumberjack/Extensions
  - PaperTrailLumberjack/Core (0.1.5):
    - CocoaAsyncSocket (~> 7.4)
    - CocoaLumberjack (~> 2.2)
  - PaperTrailLumberjack/Swift (0.1.5):
    - CocoaLumberjack/Swift (~> 2.2)
    - PaperTrailLumberjack/Core

DEPENDENCIES:
  - PaperTrailLumberjack/Swift (from `../..`)

EXTERNAL SOURCES:
  PaperTrailLumberjack:
    :path: ../..

SPEC CHECKSUMS:
  CocoaAsyncSocket: 3baeb1ddd969f81cf9fca81053ae49ef2d1cbbfa
  CocoaLumberjack: 97fab7ee5f507fe54445cca7ea80f926729cfd15
  PaperTrailLumberjack: b4579f75df5c8b0031d2c4d42c6f240b0311f238

PODFILE CHECKSUM: 48aec024107a92121d58c0693bd5ae38b6ae5328

COCOAPODS: 1.0.1
