PODS:
  - CocoaAsyncSocket (7.5.1):
    - CocoaAsyncSocket/GCD (= 7.5.1)
  - CocoaAsyncSocket/GCD (7.5.1)
  - CocoaLumberjack (3.0.0):
    - CocoaLumberjack/Default (= 3.0.0)
    - CocoaLumberjack/Extensions (= 3.0.0)
  - CocoaLumberjack/Core (3.0.0)
  - CocoaLumberjack/Default (3.0.0):
    - CocoaLumberjack/Core
  - CocoaLumberjack/Extensions (3.0.0):
    - CocoaLumberjack/Default
  - CocoaLumberjack/Swift (3.0.0):
    - CocoaLumberjack/Extensions
  - PaperTrailLumberjack/Core (0.1.8):
    - CocoaAsyncSocket (~> 7.5)
    - CocoaLumberjack (~> 3.0)
  - PaperTrailLumberjack/Swift (0.1.8):
    - CocoaLumberjack/Swift (~> 3.0)
    - PaperTrailLumberjack/Core

DEPENDENCIES:
  - PaperTrailLumberjack/Swift (from `../..`)

EXTERNAL SOURCES:
  PaperTrailLumberjack:
    :path: ../..

SPEC CHECKSUMS:
  CocoaAsyncSocket: e0a7e93b2ffa411592ff87e58524fbbc9b95b4fa
  CocoaLumberjack: c823149bccc5519a9447aeb433be7b1212a7d6a5
  PaperTrailLumberjack: fb0664959c23b17e9663ad01ebd242d34d2082fd

PODFILE CHECKSUM: 48aec024107a92121d58c0693bd5ae38b6ae5328

COCOAPODS: 1.0.1
