PODS:
  - CocoaAsyncSocket (7.6.3)
  - CocoaLumberjack (3.4.2):
    - CocoaLumberjack/Default (= 3.4.2)
    - CocoaLumberjack/Extensions (= 3.4.2)
  - CocoaLumberjack/Default (3.4.2)
  - CocoaLumberjack/Extensions (3.4.2):
    - CocoaLumberjack/Default
  - PaperTrailLumberjack (0.1.9):
    - PaperTrailLumberjack/Default (= 0.1.9)
  - PaperTrailLumberjack/Core (0.1.9):
    - CocoaAsyncSocket (~> 7.6)
    - CocoaLumberjack (~> 3.4)
  - PaperTrailLumberjack/Default (0.1.9):
    - PaperTrailLumberjack/Core

DEPENDENCIES:
  - PaperTrailLumberjack (from `../..`)

SPEC REPOS:
  https://github.com/cocoapods/specs.git:
    - CocoaAsyncSocket
    - CocoaLumberjack

EXTERNAL SOURCES:
  PaperTrailLumberjack:
    :path: "../.."

SPEC CHECKSUMS:
  CocoaAsyncSocket: eafaa68a7e0ec99ead0a7b35015e0bf25d2c8987
  CocoaLumberjack: db7cc9e464771f12054c22ff6947c5a58d43a0fd
  PaperTrailLumberjack: 449587968d5aeb3eab2d4de041ffc61ee2d49f25

PODFILE CHECKSUM: c53e74c32b25ba862bc15920eb6e3dd7f3b4033e

COCOAPODS: 1.6.0.beta.2
