PODS:
  - CocoaAsyncSocket (7.5.0):
    - CocoaAsyncSocket/GCD (= 7.5.0)
  - CocoaAsyncSocket/GCD (7.5.0)
  - CocoaLumberjack (2.3.0):
    - CocoaLumberjack/Default (= 2.3.0)
    - CocoaLumberjack/Extensions (= 2.3.0)
  - CocoaLumberjack/Core (2.3.0)
  - CocoaLumberjack/Default (2.3.0):
    - CocoaLumberjack/Core
  - CocoaLumberjack/Extensions (2.3.0):
    - CocoaLumberjack/Default
  - PaperTrailLumberjack (0.1.5):
    - PaperTrailLumberjack/Default (= 0.1.5)
  - PaperTrailLumberjack/Core (0.1.5):
    - CocoaAsyncSocket (~> 7.4)
    - CocoaLumberjack (~> 2.2)
  - PaperTrailLumberjack/Default (0.1.5):
    - PaperTrailLumberjack/Core

DEPENDENCIES:
  - PaperTrailLumberjack (from `../..`)

EXTERNAL SOURCES:
  PaperTrailLumberjack:
    :path: ../..

SPEC CHECKSUMS:
  CocoaAsyncSocket: 3baeb1ddd969f81cf9fca81053ae49ef2d1cbbfa
  CocoaLumberjack: 97fab7ee5f507fe54445cca7ea80f926729cfd15
  PaperTrailLumberjack: 1c5adc1a37014fbe689665a464ae541474fd8da4

PODFILE CHECKSUM: 2ab6a9541e781aea0b3d2f46591ff1b84561fba7

COCOAPODS: 1.0.1
